
Microsoft Visual Studio Solution File, Format Version 12.00
# Visual Studio Version 17
VisualStudioVersion = 17.4.33205.214
MinimumVisualStudioVersion = 10.0.40219.1
Project("{FAE04EC0-301F-11D3-BF4B-00C04F79EFBC}") = "Carpool", "Carpool\Carpool.csproj", "{591DF390-5CFC-4CB6-8E65-8AB859C50004}"
EndProject
Project("{FAE04EC0-301F-11D3-BF4B-00C04F79EFBC}") = "Carpool.Models", "Carpool.Models\Carpool.Models.csproj", "{97AC758C-8354-4B07-8EC8-D20CF8965C32}"
EndProject
Project("{FAE04EC0-301F-11D3-BF4B-00C04F79EFBC}") = "Carpool.Services", "Carpool.Services\Carpool.Services.csproj", "{213A7F9B-FAD4-4FBF-9251-CAC1B48FCA25}"
EndProject
Project("{FAE04EC0-301F-11D3-BF4B-00C04F79EFBC}") = "Carpool.Data", "Carpool.Data\Carpool.Data.csproj", "{11DD0ADF-B4E9-4027-9DD1-6AE2ACC9B1F1}"
EndProject
Global
	GlobalSection(SolutionConfigurationPlatforms) = preSolution
		Debug|Any CPU = Debug|Any CPU
		Release|Any CPU = Release|Any CPU
	EndGlobalSection
	GlobalSection(ProjectConfigurationPlatforms) = postSolution
		{591DF390-5CFC-4CB6-8E65-8AB859C50004}.Debug|Any CPU.ActiveCfg = Debug|Any CPU
		{591DF390-5CFC-4CB6-8E65-8AB859C50004}.Debug|Any CPU.Build.0 = Debug|Any CPU
		{591DF390-5CFC-4CB6-8E65-8AB859C50004}.Release|Any CPU.ActiveCfg = Release|Any CPU
		{591DF390-5CFC-4CB6-8E65-8AB859C50004}.Release|Any CPU.Build.0 = Release|Any CPU
		{97AC758C-8354-4B07-8EC8-D20CF8965C32}.Debug|Any CPU.ActiveCfg = Debug|Any CPU
		{97AC758C-8354-4B07-8EC8-D20CF8965C32}.Debug|Any CPU.Build.0 = Debug|Any CPU
		{97AC758C-8354-4B07-8EC8-D20CF8965C32}.Release|Any CPU.ActiveCfg = Release|Any CPU
		{97AC758C-8354-4B07-8EC8-D20CF8965C32}.Release|Any CPU.Build.0 = Release|Any CPU
		{213A7F9B-FAD4-4FBF-9251-CAC1B48FCA25}.Debug|Any CPU.ActiveCfg = Debug|Any CPU
		{213A7F9B-FAD4-4FBF-9251-CAC1B48FCA25}.Debug|Any CPU.Build.0 = Debug|Any CPU
		{213A7F9B-FAD4-4FBF-9251-CAC1B48FCA25}.Release|Any CPU.ActiveCfg = Release|Any CPU
		{213A7F9B-FAD4-4FBF-9251-CAC1B48FCA25}.Release|Any CPU.Build.0 = Release|Any CPU
		{11DD0ADF-B4E9-4027-9DD1-6AE2ACC9B1F1}.Debug|Any CPU.ActiveCfg = Debug|Any CPU
		{11DD0ADF-B4E9-4027-9DD1-6AE2ACC9B1F1}.Debug|Any CPU.Build.0 = Debug|Any CPU
		{11DD0ADF-B4E9-4027-9DD1-6AE2ACC9B1F1}.Release|Any CPU.ActiveCfg = Release|Any CPU
		{11DD0ADF-B4E9-4027-9DD1-6AE2ACC9B1F1}.Release|Any CPU.Build.0 = Release|Any CPU
	EndGlobalSection
	GlobalSection(SolutionProperties) = preSolution
		HideSolutionNode = FALSE
	EndGlobalSection
	GlobalSection(ExtensibilityGlobals) = postSolution
		SolutionGuid = {EA21D59C-6BDF-4AA0-B3B8-3DF11AFF2593}
	EndGlobalSection
EndGlobal
